
Microsoft Visual Studio Solution File, Format Version 12.00
# Visual Studio Version 16
VisualStudioVersion = 16.0.31424.327
MinimumVisualStudioVersion = 10.0.40219.1
Project("{FAE04EC0-301F-11D3-BF4B-00C04F79EFBC}") = "ConsoleTest", "ConsoleTest\ConsoleTest.csproj", "{3A4D7C7E-D3BC-40B6-8DDB-9C6FAD279A8A}"
EndProject
Global
	GlobalSection(SolutionConfigurationPlatforms) = preSolution
		Debug|Any CPU = Debug|Any CPU
		Release|Any CPU = Release|Any CPU
	EndGlobalSection
	GlobalSection(ProjectConfigurationPlatforms) = postSolution
		{3A4D7C7E-D3BC-40B6-8DDB-9C6FAD279A8A}.Debug|Any CPU.ActiveCfg = Debug|Any CPU
		{3A4D7C7E-D3BC-40B6-8DDB-9C6FAD279A8A}.Debug|Any CPU.Build.0 = Debug|Any CPU
		{3A4D7C7E-D3BC-40B6-8DDB-9C6FAD279A8A}.Release|Any CPU.ActiveCfg = Release|Any CPU
		{3A4D7C7E-D3BC-40B6-8DDB-9C6FAD279A8A}.Release|Any CPU.Build.0 = Release|Any CPU
	EndGlobalSection
	GlobalSection(SolutionProperties) = preSolution
		HideSolutionNode = FALSE
	EndGlobalSection
	GlobalSection(ExtensibilityGlobals) = postSolution
		SolutionGuid = {612F9462-C233-4323-9BAF-1D75A2603683}
	EndGlobalSection
EndGlobal
